# THIS IS AN AUTOGENERATED FILE. DO NOT EDIT THIS FILE DIRECTLY.
# yarn lockfile v1


"@ts-defold/types@^1.2.21":
  version "1.2.41"
  resolved "https://registry.yarnpkg.com/@ts-defold/types/-/types-1.2.41.tgz#d59175092d941cda2d2c64c23587e9d9c62a9319"
  integrity sha512-Uqiwfq2r2Fhz7ER1VgeyNzDOd4wMADCsjK50n6zS5jW0PBoUNH/rRRsXGKyCMOYF/G1R3CH0p1N/XHb5GGrkog==
  dependencies:
    lua-types "^2.10.1"

"@typescript-to-lua/language-extensions@^1.0.0":
  version "1.19.0"
  resolved "https://registry.yarnpkg.com/@typescript-to-lua/language-extensions/-/language-extensions-1.19.0.tgz#e7535ed343bed68580dd96e1a8101a1dbb2dc771"
  integrity sha512-Os5wOKwviTD4LeqI29N0btYOjokSJ97iCf45EOjIABlb5IwNQy7AE/AqZJobRw3ywHH8+KzJUMkEirWPzh2tUA==

lua-types@^2.10.1:
  version "2.13.1"
  resolved "https://registry.yarnpkg.com/lua-types/-/lua-types-2.13.1.tgz#8df705ae47617d4a2f189d727f075ca36e690bdb"
  integrity sha512-rRwtvX6kS+5MpuO3xpvKsnYjdSDDI064Qq1OqX8gY+r+0l7m3dFLiZPDFoHqH22jaBpEvcHcPs6+WD7qkdmFsA==

prettier@^3.0.0:
  version "3.2.5"
  resolved "https://registry.yarnpkg.com/prettier/-/prettier-3.2.5.tgz#e52bc3090586e824964a8813b09aba6233b28368"
  integrity sha512-3/GWa9aOC0YeD7LUfvOG2NiDyhOWRvt1k+rcKhOuYnMY24iiCphgneUfJDyFXd6rZCAnuLBv6UeAULtrhT/F4A==

typescript@~5.4.2:
  version "5.4.2"
  resolved "https://registry.yarnpkg.com/typescript/-/typescript-5.4.2.tgz#0ae9cebcfae970718474fe0da2c090cad6577372"
  integrity sha512-+2/g0Fds1ERlP6JsakQQDXjZdZMM+rqpamFZJEKh4kwTIn3iDkgKtby0CeNd5ATNZ4Ry1ax15TMx0W2V+miizQ==
